// !$*UTF8*$!
{
	archiveVersion = 1;
	classes = {
	};
	objectVersion = 46;
	objects = {

/* Begin PBXBuildFile section */
		8F4BA6101A5F76C300CE921F /* main.m in Sources */ = {isa = PBXBuildFile; fileRef = 8F4BA60F1A5F76C300CE921F /* main.m */; };
		8F4BA6131A5F76C300CE921F /* AppDelegate.m in Sources */ = {isa = PBXBuildFile; fileRef = 8F4BA6121A5F76C300CE921F /* AppDelegate.m */; };
		8F4BA6161A5F76C300CE921F /* ViewController.m in Sources */ = {isa = PBXBuildFile; fileRef = 8F4BA6151A5F76C300CE921F /* ViewController.m */; };
		8F4BA6191A5F76C300CE921F /* Main.storyboard in Resources */ = {isa = PBXBuildFile; fileRef = 8F4BA6171A5F76C300CE921F /* Main.storyboard */; };
		8F4BA61B1A5F76C300CE921F /* Images.xcassets in Resources */ = {isa = PBXBuildFile; fileRef = 8F4BA61A1A5F76C300CE921F /* Images.xcassets */; };
		8F4BA61E1A5F76C300CE921F /* LaunchScreen.xib in Resources */ = {isa = PBXBuildFile; fileRef = 8F4BA61C1A5F76C300CE921F /* LaunchScreen.xib */; };
		8F4BA62A1A5F76C300CE921F /* ImagePlusTests.m in Sources */ = {isa = PBXBuildFile; fileRef = 8F4BA6291A5F76C300CE921F /* ImagePlusTests.m */; };
/* End PBXBuildFile section */

/* Begin PBXContainerItemProxy section */
		8F4BA6241A5F76C300CE921F /* PBXContainerItemProxy */ = {
			isa = PBXContainerItemProxy;
			containerPortal = 8F4BA6021A5F76C300CE921F /* Project object */;
			proxyType = 1;
			remoteGlobalIDString = 8F4BA6091A5F76C300CE921F;
			remoteInfo = ImagePlus;
		};
/* End PBXContainerItemProxy section */

/* Begin PBXFileReference section */
		8F4BA60A1A5F76C300CE921F /* ImagePlus.app */ = {isa = PBXFileReference; explicitFileType = wrapper.application; includeInIndex = 0; path = ImagePlus.app; sourceTree = BUILT_PRODUCTS_DIR; };
		8F4BA60E1A5F76C300CE921F /* Info.plist */ = {isa = PBXFileReference; lastKnownFileType = text.plist.xml; path = Info.plist; sourceTree = "<group>"; };
		8F4BA60F1A5F76C300CE921F /* main.m */ = {isa = PBXFileReference; lastKnownFileType = sourcecode.c.objc; path = main.m; sourceTree = "<group>"; };
		8F4BA6111A5F76C300CE921F /* AppDelegate.h */ = {isa = PBXFileReference; lastKnownFileType = sourcecode.c.h; path = AppDelegate.h; sourceTree = "<group>"; };
		8F4BA6121A5F76C300CE921F /* AppDelegate.m */ = {isa = PBXFileReference; lastKnownFileType = sourcecode.c.objc; path = AppDelegate.m; sourceTree = "<group>"; };
		8F4BA6141A5F76C300CE921F /* ViewController.h */ = {isa = PBXFileReference; lastKnownFileType = sourcecode.c.h; path = ViewController.h; sourceTree = "<group>"; };
		8F4BA6151A5F76C300CE921F /* ViewController.m */ = {isa = PBXFileReference; lastKnownFileType = sourcecode.c.objc; path = ViewController.m; sourceTree = "<group>"; };
		8F4BA6181A5F76C300CE921F /* Base */ = {isa = PBXFileReference; lastKnownFileType = file.storyboard; name = Base; path = Base.lproj/Main.storyboard; sourceTree = "<group>"; };
		8F4BA61A1A5F76C300CE921F /* Images.xcassets */ = {isa = PBXFileReference; lastKnownFileType = folder.assetcatalog; path = Images.xcassets; sourceTree = "<group>"; };
		8F4BA61D1A5F76C300CE921F /* Base */ = {isa = PBXFileReference; lastKnownFileType = file.xib; name = Base; path = Base.lproj/LaunchScreen.xib; sourceTree = "<group>"; };
		8F4BA6231A5F76C300CE921F /* ImagePlusTests.xctest */ = {isa = PBXFileReference; explicitFileType = wrapper.cfbundle; includeInIndex = 0; path = ImagePlusTests.xctest; sourceTree = BUILT_PRODUCTS_DIR; };
		8F4BA6281A5F76C300CE921F /* Info.plist */ = {isa = PBXFileReference; lastKnownFileType = text.plist.xml; path = Info.plist; sourceTree = "<group>"; };
		8F4BA6291A5F76C300CE921F /* ImagePlusTests.m */ = {isa = PBXFileReference; lastKnownFileType = sourcecode.c.objc; path = ImagePlusTests.m; sourceTree = "<group>"; };
/* End PBXFileReference section */

/* Begin PBXFrameworksBuildPhase section */
		8F4BA6071A5F76C300CE921F /* Frameworks */ = {
			isa = PBXFrameworksBuildPhase;
			buildActionMask = 2147483647;
			files = (
			);
			runOnlyForDeploymentPostprocessing = 0;
		};
		8F4BA6201A5F76C300CE921F /* Frameworks */ = {
			isa = PBXFrameworksBuildPhase;
			buildActionMask = 2147483647;
			files = (
			);
			runOnlyForDeploymentPostprocessing = 0;
		};
/* End PBXFrameworksBuildPhase section */

/* Begin PBXGroup section */
		8F4BA6011A5F76C300CE921F = {
			isa = PBXGroup;
			children = (
				8F4BA60C1A5F76C300CE921F /* ImagePlus */,
				8F4BA6261A5F76C300CE921F /* ImagePlusTests */,
				8F4BA60B1A5F76C300CE921F /* Products */,
			);
			sourceTree = "<group>";
		};
		8F4BA60B1A5F76C300CE921F /* Products */ = {
			isa = PBXGroup;
			children = (
				8F4BA60A1A5F76C300CE921F /* ImagePlus.app */,
				8F4BA6231A5F76C300CE921F /* ImagePlusTests.xctest */,
			);
			name = Products;
			sourceTree = "<group>";
		};
		8F4BA60C1A5F76C300CE921F /* ImagePlus */ = {
			isa = PBXGroup;
			children = (
				8F4BA6111A5F76C300CE921F /* AppDelegate.h */,
				8F4BA6121A5F76C300CE921F /* AppDelegate.m */,
				8F4BA6141A5F76C300CE921F /* ViewController.h */,
				8F4BA6151A5F76C300CE921F /* ViewController.m */,
				8F4BA6171A5F76C300CE921F /* Main.storyboard */,
				8F4BA61A1A5F76C300CE921F /* Images.xcassets */,
				8F4BA61C1A5F76C300CE921F /* LaunchScreen.xib */,
				8F4BA60D1A5F76C300CE921F /* Supporting Files */,
			);
			path = ImagePlus;
			sourceTree = "<group>";
		};
		8F4BA60D1A5F76C300CE921F /* Supporting Files */ = {
			isa = PBXGroup;
			children = (
				8F4BA60E1A5F76C300CE921F /* Info.plist */,
				8F4BA60F1A5F76C300CE921F /* main.m */,
			);
			name = "Supporting Files";
			sourceTree = "<group>";
		};
		8F4BA6261A5F76C300CE921F /* ImagePlusTests */ = {
			isa = PBXGroup;
			children = (
				8F4BA6291A5F76C300CE921F /* ImagePlusTests.m */,
				8F4BA6271A5F76C300CE921F /* Supporting Files */,
			);
			path = ImagePlusTests;
			sourceTree = "<group>";
		};
		8F4BA6271A5F76C300CE921F /* Supporting Files */ = {
			isa = PBXGroup;
			children = (
				8F4BA6281A5F76C300CE921F /* Info.plist */,
			);
			name = "Supporting Files";
			sourceTree = "<group>";
		};
/* End PBXGroup section */

/* Begin PBXNativeTarget section */
		8F4BA6091A5F76C300CE921F /* ImagePlus */ = {
			isa = PBXNativeTarget;
			buildConfigurationList = 8F4BA62D1A5F76C300CE921F /* Build configuration list for PBXNativeTarget "ImagePlus" */;
			buildPhases = (
				8F4BA6061A5F76C300CE921F /* Sources */,
				8F4BA6071A5F76C300CE921F /* Frameworks */,
				8F4BA6081A5F76C300CE921F /* Resources */,
			);
			buildRules = (
			);
			dependencies = (
			);
			name = ImagePlus;
			productName = ImagePlus;
			productReference = 8F4BA60A1A5F76C300CE921F /* ImagePlus.app */;
			productType = "com.apple.product-type.application";
		};
		8F4BA6221A5F76C300CE921F /* ImagePlusTests */ = {
			isa = PBXNativeTarget;
			buildConfigurationList = 8F4BA6301A5F76C300CE921F /* Build configuration list for PBXNativeTarget "ImagePlusTests" */;
			buildPhases = (
				8F4BA61F1A5F76C300CE921F /* Sources */,
				8F4BA6201A5F76C300CE921F /* Frameworks */,
				8F4BA6211A5F76C300CE921F /* Resources */,
			);
			buildRules = (
			);
			dependencies = (
				8F4BA6251A5F76C300CE921F /* PBXTargetDependency */,
			);
			name = ImagePlusTests;
			productName = ImagePlusTests;
			productReference = 8F4BA6231A5F76C300CE921F /* ImagePlusTests.xctest */;
			productType = "com.apple.product-type.bundle.unit-test";
		};
/* End PBXNativeTarget section */

/* Begin PBXProject section */
		8F4BA6021A5F76C300CE921F /* Project object */ = {
			isa = PBXProject;
			attributes = {
				LastUpgradeCheck = 0610;
				ORGANIZATIONNAME = "James Stiehl";
				TargetAttributes = {
					8F4BA6091A5F76C300CE921F = {
						CreatedOnToolsVersion = 6.1.1;
					};
					8F4BA6221A5F76C300CE921F = {
						CreatedOnToolsVersion = 6.1.1;
						TestTargetID = 8F4BA6091A5F76C300CE921F;
					};
				};
			};
			buildConfigurationList = 8F4BA6051A5F76C300CE921F /* Build configuration list for PBXProject "ImagePlus" */;
			compatibilityVersion = "Xcode 3.2";
			developmentRegion = English;
			hasScannedForEncodings = 0;
			knownRegions = (
				en,
				Base,
			);
			mainGroup = 8F4BA6011A5F76C300CE921F;
			productRefGroup = 8F4BA60B1A5F76C300CE921F /* Products */;
			projectDirPath = "";
			projectRoot = "";
			targets = (
				8F4BA6091A5F76C300CE921F /* ImagePlus */,
				8F4BA6221A5F76C300CE921F /* ImagePlusTests */,
			);
		};
/* End PBXProject section */

/* Begin PBXResourcesBuildPhase section */
		8F4BA6081A5F76C300CE921F /* Resources */ = {
			isa = PBXResourcesBuildPhase;
			buildActionMask = 2147483647;
			files = (
				8F4BA6191A5F76C300CE921F /* Main.storyboard in Resources */,
				8F4BA61E1A5F76C300CE921F /* LaunchScreen.xib in Resources */,
				8F4BA61B1A5F76C300CE921F /* Images.xcassets in Resources */,
			);
			runOnlyForDeploymentPostprocessing = 0;
		};
		8F4BA6211A5F76C300CE921F /* Resources */ = {
			isa = PBXResourcesBuildPhase;
			buildActionMask = 2147483647;
			files = (
			);
			runOnlyForDeploymentPostprocessing = 0;
		};
/* End PBXResourcesBuildPhase section */

/* Begin PBXSourcesBuildPhase section */
		8F4BA6061A5F76C300CE921F /* Sources */ = {
			isa = PBXSourcesBuildPhase;
			buildActionMask = 2147483647;
			files = (
				8F4BA6161A5F76C300CE921F /* ViewController.m in Sources */,
				8F4BA6131A5F76C300CE921F /* AppDelegate.m in Sources */,
				8F4BA6101A5F76C300CE921F /* main.m in Sources */,
			);
			runOnlyForDeploymentPostprocessing = 0;
		};
		8F4BA61F1A5F76C300CE921F /* Sources */ = {
			isa = PBXSourcesBuildPhase;
			buildActionMask = 2147483647;
			files = (
				8F4BA62A1A5F76C300CE921F /* ImagePlusTests.m in Sources */,
			);
			runOnlyForDeploymentPostprocessing = 0;
		};
/* End PBXSourcesBuildPhase section */

/* Begin PBXTargetDependency section */
		8F4BA6251A5F76C300CE921F /* PBXTargetDependency */ = {
			isa = PBXTargetDependency;
			target = 8F4BA6091A5F76C300CE921F /* ImagePlus */;
			targetProxy = 8F4BA6241A5F76C300CE921F /* PBXContainerItemProxy */;
		};
/* End PBXTargetDependency section */

/* Begin PBXVariantGroup section */
		8F4BA6171A5F76C300CE921F /* Main.storyboard */ = {
			isa = PBXVariantGroup;
			children = (
				8F4BA6181A5F76C300CE921F /* Base */,
			);
			name = Main.storyboard;
			sourceTree = "<group>";
		};
		8F4BA61C1A5F76C300CE921F /* LaunchScreen.xib */ = {
			isa = PBXVariantGroup;
			children = (
				8F4BA61D1A5F76C300CE921F /* Base */,
			);
			name = LaunchScreen.xib;
			sourceTree = "<group>";
		};
/* End PBXVariantGroup section */

/* Begin XCBuildConfiguration section */
		8F4BA62B1A5F76C300CE921F /* Debug */ = {
			isa = XCBuildConfiguration;
			buildSettings = {
				ALWAYS_SEARCH_USER_PATHS = NO;
				CLANG_CXX_LANGUAGE_STANDARD = "gnu++0x";
				CLANG_CXX_LIBRARY = "libc++";
				CLANG_ENABLE_MODULES = YES;
				CLANG_ENABLE_OBJC_ARC = YES;
				CLANG_WARN_BOOL_CONVERSION = YES;
				CLANG_WARN_CONSTANT_CONVERSION = YES;
				CLANG_WARN_DIRECT_OBJC_ISA_USAGE = YES_ERROR;
				CLANG_WARN_EMPTY_BODY = YES;
				CLANG_WARN_ENUM_CONVERSION = YES;
				CLANG_WARN_INT_CONVERSION = YES;
				CLANG_WARN_OBJC_ROOT_CLASS = YES_ERROR;
				CLANG_WARN_UNREACHABLE_CODE = YES;
				CLANG_WARN__DUPLICATE_METHOD_MATCH = YES;
				"CODE_SIGN_IDENTITY[sdk=iphoneos*]" = "iPhone Developer";
				COPY_PHASE_STRIP = NO;
				ENABLE_STRICT_OBJC_MSGSEND = YES;
				GCC_C_LANGUAGE_STANDARD = gnu99;
				GCC_DYNAMIC_NO_PIC = NO;
				GCC_OPTIMIZATION_LEVEL = 0;
				GCC_PREPROCESSOR_DEFINITIONS = (
					"DEBUG=1",
					"$(inherited)",
				);
				GCC_SYMBOLS_PRIVATE_EXTERN = NO;
				GCC_WARN_64_TO_32_BIT_CONVERSION = YES;
				GCC_WARN_ABOUT_RETURN_TYPE = YES_ERROR;
				GCC_WARN_UNDECLARED_SELECTOR = YES;
				GCC_WARN_UNINITIALIZED_AUTOS = YES_AGGRESSIVE;
				GCC_WARN_UNUSED_FUNCTION = YES;
				GCC_WARN_UNUSED_VARIABLE = YES;
				IPHONEOS_DEPLOYMENT_TARGET = 8.1;
				MTL_ENABLE_DEBUG_INFO = YES;
				ONLY_ACTIVE_ARCH = YES;
				SDKROOT = iphoneos;
			};
			name = Debug;
		};
		8F4BA62C1A5F76C300CE921F /* Release */ = {
			isa = XCBuildConfiguration;
			buildSettings = {
				ALWAYS_SEARCH_USER_PATHS = NO;
				CLANG_CXX_LANGUAGE_STANDARD = "gnu++0x";
				CLANG_CXX_LIBRARY = "libc++";
				CLANG_ENABLE_MODULES = YES;
				CLANG_ENABLE_OBJC_ARC = YES;
				CLANG_WARN_BOOL_CONVERSION = YES;
				CLANG_WARN_CONSTANT_CONVERSION = YES;
				CLANG_WARN_DIRECT_OBJC_ISA_USAGE = YES_ERROR;
				CLANG_WARN_EMPTY_BODY = YES;
				CLANG_WARN_ENUM_CONVERSION = YES;
				CLANG_WARN_INT_CONVERSION = YES;
				CLANG_WARN_OBJC_ROOT_CLASS = YES_ERROR;
				CLANG_WARN_UNREACHABLE_CODE = YES;
				CLANG_WARN__DUPLICATE_METHOD_MATCH = YES;
				"CODE_SIGN_IDENTITY[sdk=iphoneos*]" = "iPhone Developer";
				COPY_PHASE_STRIP = YES;
				ENABLE_NS_ASSERTIONS = NO;
				ENABLE_STRICT_OBJC_MSGSEND = YES;
				GCC_C_LANGUAGE_STANDARD = gnu99;
				GCC_WARN_64_TO_32_BIT_CONVERSION = YES;
				GCC_WARN_ABOUT_RETURN_TYPE = YES_ERROR;
				GCC_WARN_UNDECLARED_SELECTOR = YES;
				GCC_WARN_UNINITIALIZED_AUTOS = YES_AGGRESSIVE;
				GCC_WARN_UNUSED_FUNCTION = YES;
				GCC_WARN_UNUSED_VARIABLE = YES;
				IPHONEOS_DEPLOYMENT_TARGET = 8.1;
				MTL_ENABLE_DEBUG_INFO = NO;
				SDKROOT = iphoneos;
				VALIDATE_PRODUCT = YES;
			};
			name = Release;
		};
		8F4BA62E1A5F76C300CE921F /* Debug */ = {
			isa = XCBuildConfiguration;
			buildSettings = {
				ASSETCATALOG_COMPILER_APPICON_NAME = AppIcon;
				INFOPLIST_FILE = ImagePlus/Info.plist;
				LD_RUNPATH_SEARCH_PATHS = "$(inherited) @executable_path/Frameworks";
				PRODUCT_NAME = "$(TARGET_NAME)";
			};
			name = Debug;
		};
		8F4BA62F1A5F76C300CE921F /* Release */ = {
			isa = XCBuildConfiguration;
			buildSettings = {
				ASSETCATALOG_COMPILER_APPICON_NAME = AppIcon;
				INFOPLIST_FILE = ImagePlus/Info.plist;
				LD_RUNPATH_SEARCH_PATHS = "$(inherited) @executable_path/Frameworks";
				PRODUCT_NAME = "$(TARGET_NAME)";
			};
			name = Release;
		};
		8F4BA6311A5F76C300CE921F /* Debug */ = {
			isa = XCBuildConfiguration;
			buildSettings = {
				BUNDLE_LOADER = "$(TEST_HOST)";
				FRAMEWORK_SEARCH_PATHS = (
					"$(SDKROOT)/Developer/Library/Frameworks",
					"$(inherited)",
				);
				GCC_PREPROCESSOR_DEFINITIONS = (
					"DEBUG=1",
					"$(inherited)",
				);
				INFOPLIST_FILE = ImagePlusTests/Info.plist;
				LD_RUNPATH_SEARCH_PATHS = "$(inherited) @executable_path/Frameworks @loader_path/Frameworks";
				PRODUCT_NAME = "$(TARGET_NAME)";
				TEST_HOST = "$(BUILT_PRODUCTS_DIR)/ImagePlus.app/ImagePlus";
			};
			name = Debug;
		};
		8F4BA6321A5F76C300CE921F /* Release */ = {
			isa = XCBuildConfiguration;
			buildSettings = {
				BUNDLE_LOADER = "$(TEST_HOST)";
				FRAMEWORK_SEARCH_PATHS = (
					"$(SDKROOT)/Developer/Library/Frameworks",
					"$(inherited)",
				);
				INFOPLIST_FILE = ImagePlusTests/Info.plist;
				LD_RUNPATH_SEARCH_PATHS = "$(inherited) @executable_path/Frameworks @loader_path/Frameworks";
				PRODUCT_NAME = "$(TARGET_NAME)";
				TEST_HOST = "$(BUILT_PRODUCTS_DIR)/ImagePlus.app/ImagePlus";
			};
			name = Release;
		};
/* End XCBuildConfiguration section */

/* Begin XCConfigurationList section */
		8F4BA6051A5F76C300CE921F /* Build configuration list for PBXProject "ImagePlus" */ = {
			isa = XCConfigurationList;
			buildConfigurations = (
				8F4BA62B1A5F76C300CE921F /* Debug */,
				8F4BA62C1A5F76C300CE921F /* Release */,
			);
			defaultConfigurationIsVisible = 0;
			defaultConfigurationName = Release;
		};
		8F4BA62D1A5F76C300CE921F /* Build configuration list for PBXNativeTarget "ImagePlus" */ = {
			isa = XCConfigurationList;
			buildConfigurations = (
				8F4BA62E1A5F76C300CE921F /* Debug */,
				8F4BA62F1A5F76C300CE921F /* Release */,
			);
			defaultConfigurationIsVisible = 0;
		};
		8F4BA6301A5F76C300CE921F /* Build configuration list for PBXNativeTarget "ImagePlusTests" */ = {
			isa = XCConfigurationList;
			buildConfigurations = (
				8F4BA6311A5F76C300CE921F /* Debug */,
				8F4BA6321A5F76C300CE921F /* Release */,
			);
			defaultConfigurationIsVisible = 0;
		};
/* End XCConfigurationList section */
	};
	rootObject = 8F4BA6021A5F76C300CE921F /* Project object */;
}
